
Microsoft Visual Studio Solution File, Format Version 12.00
# Visual Studio Version 17
VisualStudioVersion = 17.9.34728.123
MinimumVisualStudioVersion = 10.0.40219.1
Project("{FAE04EC0-301F-11D3-BF4B-00C04F79EFBC}") = "demo_session3_c#", "demo_session3_c#.csproj", "{899A2016-F1A1-481B-AEF5-3A0DDD970DBC}"
EndProject
Global
	GlobalSection(SolutionConfigurationPlatforms) = preSolution
		Debug|Any CPU = Debug|Any CPU
		Release|Any CPU = Release|Any CPU
	EndGlobalSection
	GlobalSection(ProjectConfigurationPlatforms) = postSolution
		{899A2016-F1A1-481B-AEF5-3A0DDD970DBC}.Debug|Any CPU.ActiveCfg = Debug|Any CPU
		{899A2016-F1A1-481B-AEF5-3A0DDD970DBC}.Debug|Any CPU.Build.0 = Debug|Any CPU
		{899A2016-F1A1-481B-AEF5-3A0DDD970DBC}.Release|Any CPU.ActiveCfg = Release|Any CPU
		{899A2016-F1A1-481B-AEF5-3A0DDD970DBC}.Release|Any CPU.Build.0 = Release|Any CPU
	EndGlobalSection
	GlobalSection(SolutionProperties) = preSolution
		HideSolutionNode = FALSE
	EndGlobalSection
	GlobalSection(ExtensibilityGlobals) = postSolution
		SolutionGuid = {D5C168F4-7568-4A24-B005-EB2C73A9727F}
	EndGlobalSection
EndGlobal
